github.com/asticode/go-astikit v0.1.0 h1:jQO0MZYMjptuPGDKRHU8XMSntuNihu0VupwKVd9rHk0=
github.com/asticode/go-astikit v0.1.0/go.mod h1:h4ly7idim1tNhaVkdVBeXQZEE3L0xblP7fCWbgwipF0=
github.com/gorilla/websocket v1.4.1 h1:q7AeDBpnBk8AogcD4DSag/Ukw/KV+YhzLj2bP5HvKCM=
github.com/gorilla/websocket v1.4.1/go.mod h1:YR8l580nyteQvAITg2hZ9XVh4b55+EU/adAjf1fMHhE=
